
Microsoft Visual Studio Solution File, Format Version 12.00
# Visual Studio Version 16
VisualStudioVersion = 16.0.29613.14
MinimumVisualStudioVersion = 10.0.40219.1
Project("{2150E333-8FDC-42A3-9474-1A3956D46DE8}") = "Build", "Build", "{480FB033-81A5-4430-A712-F4D4C0621929}"
	ProjectSection(SolutionItems) = preProject
		azure-pipelines.yml = azure-pipelines.yml
		src\Directory.Build.props = src\Directory.Build.props
		build\test.ps1 = build\test.ps1
	EndProjectSection
EndProject
Project("{9A19103F-16F7-4668-BE54-9A1E7A4F7556}") = "Domain", "src\Domain\Domain.csproj", "{672F7BC5-606D-42BA-BE79-7A6D8459A077}"
EndProject
Project("{9A19103F-16F7-4668-BE54-9A1E7A4F7556}") = "Domain.Tests", "src\Domain.Tests\Domain.Tests.csproj", "{7414F13E-1F05-4340-8097-B13D3E3D8A77}"
EndProject
Global
	GlobalSection(SolutionConfigurationPlatforms) = preSolution
		Debug|Any CPU = Debug|Any CPU
		Release|Any CPU = Release|Any CPU
	EndGlobalSection
	GlobalSection(ProjectConfigurationPlatforms) = postSolution
		{672F7BC5-606D-42BA-BE79-7A6D8459A077}.Debug|Any CPU.ActiveCfg = Debug|Any CPU
		{672F7BC5-606D-42BA-BE79-7A6D8459A077}.Debug|Any CPU.Build.0 = Debug|Any CPU
		{672F7BC5-606D-42BA-BE79-7A6D8459A077}.Release|Any CPU.ActiveCfg = Release|Any CPU
		{672F7BC5-606D-42BA-BE79-7A6D8459A077}.Release|Any CPU.Build.0 = Release|Any CPU
		{7414F13E-1F05-4340-8097-B13D3E3D8A77}.Debug|Any CPU.ActiveCfg = Debug|Any CPU
		{7414F13E-1F05-4340-8097-B13D3E3D8A77}.Debug|Any CPU.Build.0 = Debug|Any CPU
		{7414F13E-1F05-4340-8097-B13D3E3D8A77}.Release|Any CPU.ActiveCfg = Release|Any CPU
		{7414F13E-1F05-4340-8097-B13D3E3D8A77}.Release|Any CPU.Build.0 = Release|Any CPU
	EndGlobalSection
	GlobalSection(SolutionProperties) = preSolution
		HideSolutionNode = FALSE
	EndGlobalSection
	GlobalSection(ExtensibilityGlobals) = postSolution
		SolutionGuid = {FD4EDF20-E574-40A9-8AE5-C94BDF9925EC}
	EndGlobalSection
EndGlobal
